// !$*UTF8*$!
{
	archiveVersion = 1;
	classes = {
	};
	objectVersion = 48;
	objects = {

/* Begin PBXBuildFile section */
		7E166BA92064EFDB002084AB /* AppDelegate.swift in Sources */ = {isa = PBXBuildFile; fileRef = 7E166BA82064EFDB002084AB /* AppDelegate.swift */; };
		7E166BAB2064EFDB002084AB /* ViewController.swift in Sources */ = {isa = PBXBuildFile; fileRef = 7E166BAA2064EFDB002084AB /* ViewController.swift */; };
		7E166BAE2064EFDB002084AB /* Main.storyboard in Resources */ = {isa = PBXBuildFile; fileRef = 7E166BAC2064EFDB002084AB /* Main.storyboard */; };
		7E166BB02064EFDB002084AB /* Assets.xcassets in Resources */ = {isa = PBXBuildFile; fileRef = 7E166BAF2064EFDB002084AB /* Assets.xcassets */; };
		7E166BB32064EFDB002084AB /* LaunchScreen.storyboard in Resources */ = {isa = PBXBuildFile; fileRef = 7E166BB12064EFDB002084AB /* LaunchScreen.storyboard */; };
		7E166BBC2064F0AA002084AB /* AmazingPlaces.plist in Resources */ = {isa = PBXBuildFile; fileRef = 7E166BBA2064F0A9002084AB /* AmazingPlaces.plist */; };
		7E166BBD2064F0AA002084AB /* FunMapPoint.swift in Sources */ = {isa = PBXBuildFile; fileRef = 7E166BBB2064F0AA002084AB /* FunMapPoint.swift */; };
		7E166BBF2064F0DC002084AB /* FunAnnotation.swift in Sources */ = {isa = PBXBuildFile; fileRef = 7E166BBE2064F0DC002084AB /* FunAnnotation.swift */; };
/* End PBXBuildFile section */

/* Begin PBXFileReference section */
		7E166BA52064EFDB002084AB /* MapsTutorial.app */ = {isa = PBXFileReference; explicitFileType = wrapper.application; includeInIndex = 0; path = MapsTutorial.app; sourceTree = BUILT_PRODUCTS_DIR; };
		7E166BA82064EFDB002084AB /* AppDelegate.swift */ = {isa = PBXFileReference; lastKnownFileType = sourcecode.swift; path = AppDelegate.swift; sourceTree = "<group>"; };
		7E166BAA2064EFDB002084AB /* ViewController.swift */ = {isa = PBXFileReference; lastKnownFileType = sourcecode.swift; path = ViewController.swift; sourceTree = "<group>"; };
		7E166BAD2064EFDB002084AB /* Base */ = {isa = PBXFileReference; lastKnownFileType = file.storyboard; name = Base; path = Base.lproj/Main.storyboard; sourceTree = "<group>"; };
		7E166BAF2064EFDB002084AB /* Assets.xcassets */ = {isa = PBXFileReference; lastKnownFileType = folder.assetcatalog; path = Assets.xcassets; sourceTree = "<group>"; };
		7E166BB22064EFDB002084AB /* Base */ = {isa = PBXFileReference; lastKnownFileType = file.storyboard; name = Base; path = Base.lproj/LaunchScreen.storyboard; sourceTree = "<group>"; };
		7E166BB42064EFDB002084AB /* Info.plist */ = {isa = PBXFileReference; lastKnownFileType = text.plist.xml; path = Info.plist; sourceTree = "<group>"; };
		7E166BBA2064F0A9002084AB /* AmazingPlaces.plist */ = {isa = PBXFileReference; fileEncoding = 4; lastKnownFileType = text.plist.xml; path = AmazingPlaces.plist; sourceTree = "<group>"; };
		7E166BBB2064F0AA002084AB /* FunMapPoint.swift */ = {isa = PBXFileReference; fileEncoding = 4; lastKnownFileType = sourcecode.swift; path = FunMapPoint.swift; sourceTree = "<group>"; };
		7E166BBE2064F0DC002084AB /* FunAnnotation.swift */ = {isa = PBXFileReference; lastKnownFileType = sourcecode.swift; path = FunAnnotation.swift; sourceTree = "<group>"; };
		7E166BE320654D73002084AB /* Batman.gpx */ = {isa = PBXFileReference; lastKnownFileType = text.xml; path = Batman.gpx; sourceTree = "<group>"; };
		7E166BE520655273002084AB /* Guitar.gpx */ = {isa = PBXFileReference; lastKnownFileType = text.xml; path = Guitar.gpx; sourceTree = "<group>"; };
		7E166BE7206553A3002084AB /* Lion.gpx */ = {isa = PBXFileReference; lastKnownFileType = text.xml; path = Lion.gpx; sourceTree = "<group>"; };
/* End PBXFileReference section */

/* Begin PBXFrameworksBuildPhase section */
		7E166BA22064EFDB002084AB /* Frameworks */ = {
			isa = PBXFrameworksBuildPhase;
			buildActionMask = 2147483647;
			files = (
			);
			runOnlyForDeploymentPostprocessing = 0;
		};
/* End PBXFrameworksBuildPhase section */

/* Begin PBXGroup section */
		7E166B9C2064EFDB002084AB = {
			isa = PBXGroup;
			children = (
				7E166BA72064EFDB002084AB /* MapsTutorial */,
				7E166BA62064EFDB002084AB /* Products */,
			);
			sourceTree = "<group>";
		};
		7E166BA62064EFDB002084AB /* Products */ = {
			isa = PBXGroup;
			children = (
				7E166BA52064EFDB002084AB /* MapsTutorial.app */,
			);
			name = Products;
			sourceTree = "<group>";
		};
		7E166BA72064EFDB002084AB /* MapsTutorial */ = {
			isa = PBXGroup;
			children = (
				7E166BE82065540C002084AB /* GPX */,
				7E166BBA2064F0A9002084AB /* AmazingPlaces.plist */,
				7E166BBB2064F0AA002084AB /* FunMapPoint.swift */,
				7E166BA82064EFDB002084AB /* AppDelegate.swift */,
				7E166BAA2064EFDB002084AB /* ViewController.swift */,
				7E166BAC2064EFDB002084AB /* Main.storyboard */,
				7E166BAF2064EFDB002084AB /* Assets.xcassets */,
				7E166BB12064EFDB002084AB /* LaunchScreen.storyboard */,
				7E166BB42064EFDB002084AB /* Info.plist */,
				7E166BBE2064F0DC002084AB /* FunAnnotation.swift */,
			);
			path = MapsTutorial;
			sourceTree = "<group>";
		};
		7E166BE82065540C002084AB /* GPX */ = {
			isa = PBXGroup;
			children = (
				7E166BE320654D73002084AB /* Batman.gpx */,
				7E166BE520655273002084AB /* Guitar.gpx */,
				7E166BE7206553A3002084AB /* Lion.gpx */,
			);
			path = GPX;
			sourceTree = "<group>";
		};
/* End PBXGroup section */

/* Begin PBXNativeTarget section */
		7E166BA42064EFDB002084AB /* MapsTutorial */ = {
			isa = PBXNativeTarget;
			buildConfigurationList = 7E166BB72064EFDB002084AB /* Build configuration list for PBXNativeTarget "MapsTutorial" */;
			buildPhases = (
				7E166BA12064EFDB002084AB /* Sources */,
				7E166BA22064EFDB002084AB /* Frameworks */,
				7E166BA32064EFDB002084AB /* Resources */,
			);
			buildRules = (
			);
			dependencies = (
			);
			name = MapsTutorial;
			productName = MapsTutorial;
			productReference = 7E166BA52064EFDB002084AB /* MapsTutorial.app */;
			productType = "com.apple.product-type.application";
		};
/* End PBXNativeTarget section */

/* Begin PBXProject section */
		7E166B9D2064EFDB002084AB /* Project object */ = {
			isa = PBXProject;
			attributes = {
				LastSwiftUpdateCheck = 0920;
				LastUpgradeCheck = 0920;
				ORGANIZATIONNAME = "Claire Reynaud EIRL";
				TargetAttributes = {
					7E166BA42064EFDB002084AB = {
						CreatedOnToolsVersion = 9.2;
						ProvisioningStyle = Automatic;
						SystemCapabilities = {
							com.apple.BackgroundModes = {
								enabled = 1;
							};
						};
					};
				};
			};
			buildConfigurationList = 7E166BA02064EFDB002084AB /* Build configuration list for PBXProject "MapsTutorial" */;
			compatibilityVersion = "Xcode 8.0";
			developmentRegion = en;
			hasScannedForEncodings = 0;
			knownRegions = (
				en,
				Base,
			);
			mainGroup = 7E166B9C2064EFDB002084AB;
			productRefGroup = 7E166BA62064EFDB002084AB /* Products */;
			projectDirPath = "";
			projectRoot = "";
			targets = (
				7E166BA42064EFDB002084AB /* MapsTutorial */,
			);
		};
/* End PBXProject section */

/* Begin PBXResourcesBuildPhase section */
		7E166BA32064EFDB002084AB /* Resources */ = {
			isa = PBXResourcesBuildPhase;
			buildActionMask = 2147483647;
			files = (
				7E166BBC2064F0AA002084AB /* AmazingPlaces.plist in Resources */,
				7E166BB32064EFDB002084AB /* LaunchScreen.storyboard in Resources */,
				7E166BB02064EFDB002084AB /* Assets.xcassets in Resources */,
				7E166BAE2064EFDB002084AB /* Main.storyboard in Resources */,
			);
			runOnlyForDeploymentPostprocessing = 0;
		};
/* End PBXResourcesBuildPhase section */

/* Begin PBXSourcesBuildPhase section */
		7E166BA12064EFDB002084AB /* Sources */ = {
			isa = PBXSourcesBuildPhase;
			buildActionMask = 2147483647;
			files = (
				7E166BAB2064EFDB002084AB /* ViewController.swift in Sources */,
				7E166BA92064EFDB002084AB /* AppDelegate.swift in Sources */,
				7E166BBF2064F0DC002084AB /* FunAnnotation.swift in Sources */,
				7E166BBD2064F0AA002084AB /* FunMapPoint.swift in Sources */,
			);
			runOnlyForDeploymentPostprocessing = 0;
		};
/* End PBXSourcesBuildPhase section */

/* Begin PBXVariantGroup section */
		7E166BAC2064EFDB002084AB /* Main.storyboard */ = {
			isa = PBXVariantGroup;
			children = (
				7E166BAD2064EFDB002084AB /* Base */,
			);
			name = Main.storyboard;
			sourceTree = "<group>";
		};
		7E166BB12064EFDB002084AB /* LaunchScreen.storyboard */ = {
			isa = PBXVariantGroup;
			children = (
				7E166BB22064EFDB002084AB /* Base */,
			);
			name = LaunchScreen.storyboard;
			sourceTree = "<group>";
		};
/* End PBXVariantGroup section */

/* Begin XCBuildConfiguration section */
		7E166BB52064EFDB002084AB /* Debug */ = {
			isa = XCBuildConfiguration;
			buildSettings = {
				ALWAYS_SEARCH_USER_PATHS = NO;
				CLANG_ANALYZER_NONNULL = YES;
				CLANG_ANALYZER_NUMBER_OBJECT_CONVERSION = YES_AGGRESSIVE;
				CLANG_CXX_LANGUAGE_STANDARD = "gnu++14";
				CLANG_CXX_LIBRARY = "libc++";
				CLANG_ENABLE_MODULES = YES;
				CLANG_ENABLE_OBJC_ARC = YES;
				CLANG_WARN_BLOCK_CAPTURE_AUTORELEASING = YES;
				CLANG_WARN_BOOL_CONVERSION = YES;
				CLANG_WARN_COMMA = YES;
				CLANG_WARN_CONSTANT_CONVERSION = YES;
				CLANG_WARN_DIRECT_OBJC_ISA_USAGE = YES_ERROR;
				CLANG_WARN_DOCUMENTATION_COMMENTS = YES;
				CLANG_WARN_EMPTY_BODY = YES;
				CLANG_WARN_ENUM_CONVERSION = YES;
				CLANG_WARN_INFINITE_RECURSION = YES;
				CLANG_WARN_INT_CONVERSION = YES;
				CLANG_WARN_NON_LITERAL_NULL_CONVERSION = YES;
				CLANG_WARN_OBJC_LITERAL_CONVERSION = YES;
				CLANG_WARN_OBJC_ROOT_CLASS = YES_ERROR;
				CLANG_WARN_RANGE_LOOP_ANALYSIS = YES;
				CLANG_WARN_STRICT_PROTOTYPES = YES;
				CLANG_WARN_SUSPICIOUS_MOVE = YES;
				CLANG_WARN_UNGUARDED_AVAILABILITY = YES_AGGRESSIVE;
				CLANG_WARN_UNREACHABLE_CODE = YES;
				CLANG_WARN__DUPLICATE_METHOD_MATCH = YES;
				CODE_SIGN_IDENTITY = "iPhone Developer";
				COPY_PHASE_STRIP = NO;
				DEBUG_INFORMATION_FORMAT = dwarf;
				ENABLE_STRICT_OBJC_MSGSEND = YES;
				ENABLE_TESTABILITY = YES;
				GCC_C_LANGUAGE_STANDARD = gnu11;
				GCC_DYNAMIC_NO_PIC = NO;
				GCC_NO_COMMON_BLOCKS = YES;
				GCC_OPTIMIZATION_LEVEL = 0;
				GCC_PREPROCESSOR_DEFINITIONS = (
					"DEBUG=1",
					"$(inherited)",
				);
				GCC_WARN_64_TO_32_BIT_CONVERSION = YES;
				GCC_WARN_ABOUT_RETURN_TYPE = YES_ERROR;
				GCC_WARN_UNDECLARED_SELECTOR = YES;
				GCC_WARN_UNINITIALIZED_AUTOS = YES_AGGRESSIVE;
				GCC_WARN_UNUSED_FUNCTION = YES;
				GCC_WARN_UNUSED_VARIABLE = YES;
				IPHONEOS_DEPLOYMENT_TARGET = 11.0;
				MTL_ENABLE_DEBUG_INFO = YES;
				ONLY_ACTIVE_ARCH = YES;
				SDKROOT = iphoneos;
				SWIFT_ACTIVE_COMPILATION_CONDITIONS = DEBUG;
				SWIFT_OPTIMIZATION_LEVEL = "-Onone";
			};
			name = Debug;
		};
		7E166BB62064EFDB002084AB /* Release */ = {
			isa = XCBuildConfiguration;
			buildSettings = {
				ALWAYS_SEARCH_USER_PATHS = NO;
				CLANG_ANALYZER_NONNULL = YES;
				CLANG_ANALYZER_NUMBER_OBJECT_CONVERSION = YES_AGGRESSIVE;
				CLANG_CXX_LANGUAGE_STANDARD = "gnu++14";
				CLANG_CXX_LIBRARY = "libc++";
				CLANG_ENABLE_MODULES = YES;
				CLANG_ENABLE_OBJC_ARC = YES;
				CLANG_WARN_BLOCK_CAPTURE_AUTORELEASING = YES;
				CLANG_WARN_BOOL_CONVERSION = YES;
				CLANG_WARN_COMMA = YES;
				CLANG_WARN_CONSTANT_CONVERSION = YES;
				CLANG_WARN_DIRECT_OBJC_ISA_USAGE = YES_ERROR;
				CLANG_WARN_DOCUMENTATION_COMMENTS = YES;
				CLANG_WARN_EMPTY_BODY = YES;
				CLANG_WARN_ENUM_CONVERSION = YES;
				CLANG_WARN_INFINITE_RECURSION = YES;
				CLANG_WARN_INT_CONVERSION = YES;
				CLANG_WARN_NON_LITERAL_NULL_CONVERSION = YES;
				CLANG_WARN_OBJC_LITERAL_CONVERSION = YES;
				CLANG_WARN_OBJC_ROOT_CLASS = YES_ERROR;
				CLANG_WARN_RANGE_LOOP_ANALYSIS = YES;
				CLANG_WARN_STRICT_PROTOTYPES = YES;
				CLANG_WARN_SUSPICIOUS_MOVE = YES;
				CLANG_WARN_UNGUARDED_AVAILABILITY = YES_AGGRESSIVE;
				CLANG_WARN_UNREACHABLE_CODE = YES;
				CLANG_WARN__DUPLICATE_METHOD_MATCH = YES;
				CODE_SIGN_IDENTITY = "iPhone Developer";
				COPY_PHASE_STRIP = NO;
				DEBUG_INFORMATION_FORMAT = "dwarf-with-dsym";
				ENABLE_NS_ASSERTIONS = NO;
				ENABLE_STRICT_OBJC_MSGSEND = YES;
				GCC_C_LANGUAGE_STANDARD = gnu11;
				GCC_NO_COMMON_BLOCKS = YES;
				GCC_WARN_64_TO_32_BIT_CONVERSION = YES;
				GCC_WARN_ABOUT_RETURN_TYPE = YES_ERROR;
				GCC_WARN_UNDECLARED_SELECTOR = YES;
				GCC_WARN_UNINITIALIZED_AUTOS = YES_AGGRESSIVE;
				GCC_WARN_UNUSED_FUNCTION = YES;
				GCC_WARN_UNUSED_VARIABLE = YES;
				IPHONEOS_DEPLOYMENT_TARGET = 11.0;
				MTL_ENABLE_DEBUG_INFO = NO;
				SDKROOT = iphoneos;
				SWIFT_OPTIMIZATION_LEVEL = "-Owholemodule";
				VALIDATE_PRODUCT = YES;
			};
			name = Release;
		};
		7E166BB82064EFDB002084AB /* Debug */ = {
			isa = XCBuildConfiguration;
			buildSettings = {
				ASSETCATALOG_COMPILER_APPICON_NAME = AppIcon;
				CODE_SIGN_STYLE = Automatic;
				DEVELOPMENT_TEAM = T2RNFC4ANQ;
				INFOPLIST_FILE = MapsTutorial/Info.plist;
				LD_RUNPATH_SEARCH_PATHS = "$(inherited) @executable_path/Frameworks";
				PRODUCT_BUNDLE_IDENTIFIER = net.clairereynaud.InstrumentsTutorial;
				PRODUCT_NAME = "$(TARGET_NAME)";
				SWIFT_VERSION = 4.0;
				TARGETED_DEVICE_FAMILY = "1,2";
			};
			name = Debug;
		};
		7E166BB92064EFDB002084AB /* Release */ = {
			isa = XCBuildConfiguration;
			buildSettings = {
				ASSETCATALOG_COMPILER_APPICON_NAME = AppIcon;
				CODE_SIGN_STYLE = Automatic;
				DEVELOPMENT_TEAM = T2RNFC4ANQ;
				INFOPLIST_FILE = MapsTutorial/Info.plist;
				LD_RUNPATH_SEARCH_PATHS = "$(inherited) @executable_path/Frameworks";
				PRODUCT_BUNDLE_IDENTIFIER = net.clairereynaud.InstrumentsTutorial;
				PRODUCT_NAME = "$(TARGET_NAME)";
				SWIFT_VERSION = 4.0;
				TARGETED_DEVICE_FAMILY = "1,2";
			};
			name = Release;
		};
/* End XCBuildConfiguration section */

/* Begin XCConfigurationList section */
		7E166BA02064EFDB002084AB /* Build configuration list for PBXProject "MapsTutorial" */ = {
			isa = XCConfigurationList;
			buildConfigurations = (
				7E166BB52064EFDB002084AB /* Debug */,
				7E166BB62064EFDB002084AB /* Release */,
			);
			defaultConfigurationIsVisible = 0;
			defaultConfigurationName = Release;
		};
		7E166BB72064EFDB002084AB /* Build configuration list for PBXNativeTarget "MapsTutorial" */ = {
			isa = XCConfigurationList;
			buildConfigurations = (
				7E166BB82064EFDB002084AB /* Debug */,
				7E166BB92064EFDB002084AB /* Release */,
			);
			defaultConfigurationIsVisible = 0;
			defaultConfigurationName = Release;
		};
/* End XCConfigurationList section */
	};
	rootObject = 7E166B9D2064EFDB002084AB /* Project object */;
}
